{
  "nodes": {
    "flake-utils": {
      "locked": {
        "lastModified": 1659877975,
        "narHash": "sha256-zllb8aq3YO3h8B/U0/J1WBgAL8EX5yWf5pMj3G0NAmc=",
        "owner": "numtide",
        "repo": "flake-utils",
        "rev": "c0e246b9b83f637f4681389ecabcb2681b4f3af0",
        "type": "github"
      },
      "original": {
        "owner": "numtide",
        "repo": "flake-utils",
        "type": "github"
      }
    },
    "flake-utils_2": {
      "locked": {
        "lastModified": 1659877975,
        "narHash": "sha256-zllb8aq3YO3h8B/U0/J1WBgAL8EX5yWf5pMj3G0NAmc=",
        "owner": "numtide",
        "repo": "flake-utils",
        "rev": "c0e246b9b83f637f4681389ecabcb2681b4f3af0",
        "type": "github"
      },
      "original": {
        "owner": "numtide",
        "repo": "flake-utils",
        "type": "github"
      }
    },
    "flake-utils_3": {
      "locked": {
        "lastModified": 1644229661,
        "narHash": "sha256-1YdnJAsNy69bpcjuoKdOYQX0YxZBiCYZo4Twxerqv7k=",
        "owner": "numtide",
        "repo": "flake-utils",
        "rev": "3cecb5b042f7f209c56ffd8371b2711a290ec797",
        "type": "github"
      },
      "original": {
        "owner": "numtide",
        "repo": "flake-utils",
        "type": "github"
      }
    },
    "godev": {
      "inputs": {
        "flake-utils": "flake-utils_2",
        "nixpkgs": [
          "nixpkgs"
        ]
      },
      "locked": {
        "lastModified": 1664476713,
        "narHash": "sha256-D2V28V/ARDBvG7RuYkZL7L5R/P+BSfDl+yKtXLtISC4=",
        "owner": "jmbaur",
        "repo": "godev",
        "rev": "7e3036cb0f262dfa746cdb59b558758b84ef379c",
        "type": "github"
      },
      "original": {
        "owner": "jmbaur",
        "repo": "godev",
        "type": "github"
      }
    },
    "nixpkgs": {
      "locked": {
        "lastModified": 1664687381,
        "narHash": "sha256-9czSuDzS+OGGwq2kC4KXBLXWfYaup+oLB+AA1Md25U4=",
        "owner": "NixOS",
        "repo": "nixpkgs",
        "rev": "59d2991d4256cdca1c0cda45d876c80a0fe45c31",
        "type": "github"
      },
      "original": {
        "id": "nixpkgs",
        "ref": "nixos-unstable",
        "type": "indirect"
      }
    },
    "pre-commit": {
      "inputs": {
        "flake-utils": "flake-utils_3",
        "nixpkgs": [
          "nixpkgs"
        ]
      },
      "locked": {
        "lastModified": 1664708386,
        "narHash": "sha256-aCD8UUGNYb5nYzRmtsq/0yP9gFOQQHr/Lsb5vW+mucw=",
        "owner": "cachix",
        "repo": "pre-commit-hooks.nix",
        "rev": "2e4a708918e14fdbd534cc94aaa9470cd19b2464",
        "type": "github"
      },
      "original": {
        "owner": "cachix",
        "repo": "pre-commit-hooks.nix",
        "type": "github"
      }
    },
    "root": {
      "inputs": {
        "flake-utils": "flake-utils",
        "godev": "godev",
        "nixpkgs": "nixpkgs",
        "pre-commit": "pre-commit"
      }
    }
  },
  "root": "root",
  "version": 7
}
