{
  "nodes": {
    "flake-utils": {
      "locked": {
        "lastModified": 1667077288,
        "narHash": "sha256-bdC8sFNDpT0HK74u9fUkpbf1MEzVYJ+ka7NXCdgBoaA=",
        "owner": "numtide",
        "repo": "flake-utils",
        "rev": "6ee9ebb6b1ee695d2cacc4faa053a7b9baa76817",
        "type": "github"
      },
      "original": {
        "owner": "numtide",
        "repo": "flake-utils",
        "type": "github"
      }
    },
    "nixpkgs": {
      "locked": {
        "lastModified": 1668326430,
        "narHash": "sha256-fJEsHe+lzFf3qcQVTTdK9jqRtUUVXH71tdfgjcKJNpA=",
        "owner": "NixOS",
        "repo": "nixpkgs",
        "rev": "fc07622617a373a742ed96d4dd536849d4bc1ec6",
        "type": "github"
      },
      "original": {
        "id": "nixpkgs",
        "ref": "nixos-unstable",
        "type": "indirect"
      }
    },
    "pre-commit": {
      "inputs": {
        "flake-utils": "flake-utils",
        "nixpkgs": [
          "nixpkgs"
        ]
      },
      "locked": {
        "lastModified": 1667992213,
        "narHash": "sha256-8Ens8ozllvlaFMCZBxg6S7oUyynYx2v7yleC5M0jJsE=",
        "owner": "cachix",
        "repo": "pre-commit-hooks.nix",
        "rev": "ebcbfe09d2bd6d15f68de3a0ebb1e4dcb5cd324b",
        "type": "github"
      },
      "original": {
        "owner": "cachix",
        "repo": "pre-commit-hooks.nix",
        "type": "github"
      }
    },
    "root": {
      "inputs": {
        "nixpkgs": "nixpkgs",
        "pre-commit": "pre-commit"
      }
    }
  },
  "root": "root",
  "version": 7
}
